
Microsoft Visual Studio Solution File, Format Version 12.00
# Visual Studio Version 17
VisualStudioVersion = 17.14.36414.22
MinimumVisualStudioVersion = 10.0.40219.1
Project("{9A19103F-16F7-4668-BE54-9A1E7A4F7556}") = "movie", "movie.csproj", "{1DD0F13D-7534-4EB9-9232-8C182C5A9ADF}"
EndProject
Global
	GlobalSection(SolutionConfigurationPlatforms) = preSolution
		Debug|Any CPU = Debug|Any CPU
		Release|Any CPU = Release|Any CPU
	EndGlobalSection
	GlobalSection(ProjectConfigurationPlatforms) = postSolution
		{1DD0F13D-7534-4EB9-9232-8C182C5A9ADF}.Debug|Any CPU.ActiveCfg = Debug|Any CPU
		{1DD0F13D-7534-4EB9-9232-8C182C5A9ADF}.Debug|Any CPU.Build.0 = Debug|Any CPU
		{1DD0F13D-7534-4EB9-9232-8C182C5A9ADF}.Release|Any CPU.ActiveCfg = Release|Any CPU
		{1DD0F13D-7534-4EB9-9232-8C182C5A9ADF}.Release|Any CPU.Build.0 = Release|Any CPU
	EndGlobalSection
	GlobalSection(SolutionProperties) = preSolution
		HideSolutionNode = FALSE
	EndGlobalSection
	GlobalSection(ExtensibilityGlobals) = postSolution
		SolutionGuid = {F6260DCA-231E-4596-BC4C-7C44F22E0F70}
	EndGlobalSection
EndGlobal
